
Microsoft Visual Studio Solution File, Format Version 12.00
# Visual Studio 15
VisualStudioVersion = 15.0.28010.2036
MinimumVisualStudioVersion = 10.0.40219.1
Project("{FAE04EC0-301F-11D3-BF4B-00C04F79EFBC}") = "ListSort", "ListSort\ListSort.csproj", "{555AF585-249A-4AE7-88E0-100291E8EA60}"
EndProject
Project("{FAE04EC0-301F-11D3-BF4B-00C04F79EFBC}") = "CLRRefAndValTypes", "CLRRefAndValTypes\CLRRefAndValTypes.csproj", "{3D6C2082-2001-495D-A834-CC9575558D4A}"
EndProject
Project("{FAE04EC0-301F-11D3-BF4B-00C04F79EFBC}") = "HashTableSimple", "HashTableSimple\HashTableSimple.csproj", "{9588EAF3-59E0-4C51-BE63-5A61A745C60E}"
EndProject
Project("{FAE04EC0-301F-11D3-BF4B-00C04F79EFBC}") = "EqualsMethod", "EqualsMethod\EqualsMethod.csproj", "{0035B4EC-93C7-4CB7-97A3-C74F91D18977}"
EndProject
Project("{FAE04EC0-301F-11D3-BF4B-00C04F79EFBC}") = "OutAlphabetedList", "OutAlphabetedList\OutAlphabetedList.csproj", "{01C8BAE6-A1D7-442A-95DC-19ADC35674A3}"
EndProject
Project("{FAE04EC0-301F-11D3-BF4B-00C04F79EFBC}") = "Operators", "Operators\Operators.csproj", "{5F9B61CC-7A3A-4A1B-9359-02F5FBA63FDE}"
EndProject
Project("{FAE04EC0-301F-11D3-BF4B-00C04F79EFBC}") = "CLREvents", "CLREvents\CLREvents.csproj", "{133E0370-300A-45E0-BFCE-A54F9060E023}"
EndProject
Project("{FAE04EC0-301F-11D3-BF4B-00C04F79EFBC}") = "MSEventHandler", "MSEventHandler\MSEventHandler.csproj", "{1C501868-2B3D-472B-8E09-FB52B6FFDA7B}"
EndProject
Project("{FAE04EC0-301F-11D3-BF4B-00C04F79EFBC}") = "WinFormsDictionaryAndDate", "WinFormsDictionaryAndDate\WinFormsDictionaryAndDate.csproj", "{00A561E6-290C-4A83-BAF9-96EEB2216591}"
EndProject
Project("{FAE04EC0-301F-11D3-BF4B-00C04F79EFBC}") = "DictDayTime", "DictDayTime\DictDayTime.csproj", "{F6EC11B5-19C2-4AF7-8289-37DA33F50209}"
EndProject
Project("{FAE04EC0-301F-11D3-BF4B-00C04F79EFBC}") = "Patterns_Strategy", "Patterns_Strategy\Patterns_Strategy.csproj", "{8F9AB833-7A86-45C8-ACF2-6D2C2E354BCC}"
EndProject
Global
	GlobalSection(SolutionConfigurationPlatforms) = preSolution
		Debug|Any CPU = Debug|Any CPU
		Release|Any CPU = Release|Any CPU
	EndGlobalSection
	GlobalSection(ProjectConfigurationPlatforms) = postSolution
		{555AF585-249A-4AE7-88E0-100291E8EA60}.Debug|Any CPU.ActiveCfg = Debug|Any CPU
		{555AF585-249A-4AE7-88E0-100291E8EA60}.Debug|Any CPU.Build.0 = Debug|Any CPU
		{555AF585-249A-4AE7-88E0-100291E8EA60}.Release|Any CPU.ActiveCfg = Release|Any CPU
		{555AF585-249A-4AE7-88E0-100291E8EA60}.Release|Any CPU.Build.0 = Release|Any CPU
		{3D6C2082-2001-495D-A834-CC9575558D4A}.Debug|Any CPU.ActiveCfg = Debug|Any CPU
		{3D6C2082-2001-495D-A834-CC9575558D4A}.Debug|Any CPU.Build.0 = Debug|Any CPU
		{3D6C2082-2001-495D-A834-CC9575558D4A}.Release|Any CPU.ActiveCfg = Release|Any CPU
		{3D6C2082-2001-495D-A834-CC9575558D4A}.Release|Any CPU.Build.0 = Release|Any CPU
		{9588EAF3-59E0-4C51-BE63-5A61A745C60E}.Debug|Any CPU.ActiveCfg = Debug|Any CPU
		{9588EAF3-59E0-4C51-BE63-5A61A745C60E}.Debug|Any CPU.Build.0 = Debug|Any CPU
		{9588EAF3-59E0-4C51-BE63-5A61A745C60E}.Release|Any CPU.ActiveCfg = Release|Any CPU
		{9588EAF3-59E0-4C51-BE63-5A61A745C60E}.Release|Any CPU.Build.0 = Release|Any CPU
		{0035B4EC-93C7-4CB7-97A3-C74F91D18977}.Debug|Any CPU.ActiveCfg = Debug|Any CPU
		{0035B4EC-93C7-4CB7-97A3-C74F91D18977}.Debug|Any CPU.Build.0 = Debug|Any CPU
		{0035B4EC-93C7-4CB7-97A3-C74F91D18977}.Release|Any CPU.ActiveCfg = Release|Any CPU
		{0035B4EC-93C7-4CB7-97A3-C74F91D18977}.Release|Any CPU.Build.0 = Release|Any CPU
		{01C8BAE6-A1D7-442A-95DC-19ADC35674A3}.Debug|Any CPU.ActiveCfg = Debug|Any CPU
		{01C8BAE6-A1D7-442A-95DC-19ADC35674A3}.Debug|Any CPU.Build.0 = Debug|Any CPU
		{01C8BAE6-A1D7-442A-95DC-19ADC35674A3}.Release|Any CPU.ActiveCfg = Release|Any CPU
		{01C8BAE6-A1D7-442A-95DC-19ADC35674A3}.Release|Any CPU.Build.0 = Release|Any CPU
		{5F9B61CC-7A3A-4A1B-9359-02F5FBA63FDE}.Debug|Any CPU.ActiveCfg = Debug|Any CPU
		{5F9B61CC-7A3A-4A1B-9359-02F5FBA63FDE}.Debug|Any CPU.Build.0 = Debug|Any CPU
		{5F9B61CC-7A3A-4A1B-9359-02F5FBA63FDE}.Release|Any CPU.ActiveCfg = Release|Any CPU
		{5F9B61CC-7A3A-4A1B-9359-02F5FBA63FDE}.Release|Any CPU.Build.0 = Release|Any CPU
		{133E0370-300A-45E0-BFCE-A54F9060E023}.Debug|Any CPU.ActiveCfg = Debug|Any CPU
		{133E0370-300A-45E0-BFCE-A54F9060E023}.Debug|Any CPU.Build.0 = Debug|Any CPU
		{133E0370-300A-45E0-BFCE-A54F9060E023}.Release|Any CPU.ActiveCfg = Release|Any CPU
		{133E0370-300A-45E0-BFCE-A54F9060E023}.Release|Any CPU.Build.0 = Release|Any CPU
		{1C501868-2B3D-472B-8E09-FB52B6FFDA7B}.Debug|Any CPU.ActiveCfg = Debug|Any CPU
		{1C501868-2B3D-472B-8E09-FB52B6FFDA7B}.Debug|Any CPU.Build.0 = Debug|Any CPU
		{1C501868-2B3D-472B-8E09-FB52B6FFDA7B}.Release|Any CPU.ActiveCfg = Release|Any CPU
		{1C501868-2B3D-472B-8E09-FB52B6FFDA7B}.Release|Any CPU.Build.0 = Release|Any CPU
		{00A561E6-290C-4A83-BAF9-96EEB2216591}.Debug|Any CPU.ActiveCfg = Debug|Any CPU
		{00A561E6-290C-4A83-BAF9-96EEB2216591}.Debug|Any CPU.Build.0 = Debug|Any CPU
		{00A561E6-290C-4A83-BAF9-96EEB2216591}.Release|Any CPU.ActiveCfg = Release|Any CPU
		{00A561E6-290C-4A83-BAF9-96EEB2216591}.Release|Any CPU.Build.0 = Release|Any CPU
		{F6EC11B5-19C2-4AF7-8289-37DA33F50209}.Debug|Any CPU.ActiveCfg = Debug|Any CPU
		{F6EC11B5-19C2-4AF7-8289-37DA33F50209}.Debug|Any CPU.Build.0 = Debug|Any CPU
		{F6EC11B5-19C2-4AF7-8289-37DA33F50209}.Release|Any CPU.ActiveCfg = Release|Any CPU
		{F6EC11B5-19C2-4AF7-8289-37DA33F50209}.Release|Any CPU.Build.0 = Release|Any CPU
		{8F9AB833-7A86-45C8-ACF2-6D2C2E354BCC}.Debug|Any CPU.ActiveCfg = Debug|Any CPU
		{8F9AB833-7A86-45C8-ACF2-6D2C2E354BCC}.Debug|Any CPU.Build.0 = Debug|Any CPU
		{8F9AB833-7A86-45C8-ACF2-6D2C2E354BCC}.Release|Any CPU.ActiveCfg = Release|Any CPU
		{8F9AB833-7A86-45C8-ACF2-6D2C2E354BCC}.Release|Any CPU.Build.0 = Release|Any CPU
	EndGlobalSection
	GlobalSection(SolutionProperties) = preSolution
		HideSolutionNode = FALSE
	EndGlobalSection
	GlobalSection(ExtensibilityGlobals) = postSolution
		SolutionGuid = {CC326DE2-7EC3-458D-99F2-28E48B7A2C17}
	EndGlobalSection
EndGlobal
