
Microsoft Visual Studio Solution File, Format Version 12.00
# Visual Studio 15
VisualStudioVersion = 15.0.28010.2036
MinimumVisualStudioVersion = 10.0.40219.1
Project("{FAE04EC0-301F-11D3-BF4B-00C04F79EFBC}") = "ListSort", "ListSort\ListSort.csproj", "{555AF585-249A-4AE7-88E0-100291E8EA60}"
EndProject
Global
	GlobalSection(SolutionConfigurationPlatforms) = preSolution
		Debug|Any CPU = Debug|Any CPU
		Release|Any CPU = Release|Any CPU
	EndGlobalSection
	GlobalSection(ProjectConfigurationPlatforms) = postSolution
		{555AF585-249A-4AE7-88E0-100291E8EA60}.Debug|Any CPU.ActiveCfg = Debug|Any CPU
		{555AF585-249A-4AE7-88E0-100291E8EA60}.Debug|Any CPU.Build.0 = Debug|Any CPU
		{555AF585-249A-4AE7-88E0-100291E8EA60}.Release|Any CPU.ActiveCfg = Release|Any CPU
		{555AF585-249A-4AE7-88E0-100291E8EA60}.Release|Any CPU.Build.0 = Release|Any CPU
	EndGlobalSection
	GlobalSection(SolutionProperties) = preSolution
		HideSolutionNode = FALSE
	EndGlobalSection
	GlobalSection(ExtensibilityGlobals) = postSolution
		SolutionGuid = {CC326DE2-7EC3-458D-99F2-28E48B7A2C17}
	EndGlobalSection
EndGlobal
