
Microsoft Visual Studio Solution File, Format Version 12.00
# Visual Studio Version 16
VisualStudioVersion = 16.0.30204.135
MinimumVisualStudioVersion = 10.0.40219.1
Project("{FAE04EC0-301F-11D3-BF4B-00C04F79EFBC}") = "ListSort", "ListSort\ListSort.csproj", "{555AF585-249A-4AE7-88E0-100291E8EA60}"
EndProject
Project("{FAE04EC0-301F-11D3-BF4B-00C04F79EFBC}") = "CLRRefAndValTypes", "CLRRefAndValTypes\CLRRefAndValTypes.csproj", "{3D6C2082-2001-495D-A834-CC9575558D4A}"
EndProject
Project("{FAE04EC0-301F-11D3-BF4B-00C04F79EFBC}") = "HashTableSimple", "HashTableSimple\HashTableSimple.csproj", "{9588EAF3-59E0-4C51-BE63-5A61A745C60E}"
EndProject
Project("{FAE04EC0-301F-11D3-BF4B-00C04F79EFBC}") = "EqualsMethod", "EqualsMethod\EqualsMethod.csproj", "{0035B4EC-93C7-4CB7-97A3-C74F91D18977}"
EndProject
Project("{FAE04EC0-301F-11D3-BF4B-00C04F79EFBC}") = "OutAlphabetedList", "OutAlphabetedList\OutAlphabetedList.csproj", "{01C8BAE6-A1D7-442A-95DC-19ADC35674A3}"
EndProject
Project("{FAE04EC0-301F-11D3-BF4B-00C04F79EFBC}") = "Operators", "Operators\Operators.csproj", "{5F9B61CC-7A3A-4A1B-9359-02F5FBA63FDE}"
EndProject
Project("{FAE04EC0-301F-11D3-BF4B-00C04F79EFBC}") = "CLREvents", "CLREvents\CLREvents.csproj", "{133E0370-300A-45E0-BFCE-A54F9060E023}"
EndProject
Project("{FAE04EC0-301F-11D3-BF4B-00C04F79EFBC}") = "MSEventHandler", "MSEventHandler\MSEventHandler.csproj", "{1C501868-2B3D-472B-8E09-FB52B6FFDA7B}"
EndProject
Project("{FAE04EC0-301F-11D3-BF4B-00C04F79EFBC}") = "WinFormsDictionaryAndDate", "WinFormsDictionaryAndDate\WinFormsDictionaryAndDate.csproj", "{00A561E6-290C-4A83-BAF9-96EEB2216591}"
EndProject
Project("{FAE04EC0-301F-11D3-BF4B-00C04F79EFBC}") = "DictDayTime", "DictDayTime\DictDayTime.csproj", "{F6EC11B5-19C2-4AF7-8289-37DA33F50209}"
EndProject
Project("{FAE04EC0-301F-11D3-BF4B-00C04F79EFBC}") = "Patterns", "Patterns\Patterns.csproj", "{0840A3E5-AA14-4684-BAAC-3C95D8BBE14A}"
EndProject
Project("{FAE04EC0-301F-11D3-BF4B-00C04F79EFBC}") = "XMLLinq", "XMLLinq\XMLLinq.csproj", "{E06BAFA2-0986-4662-A113-25788BD7ABFC}"
EndProject
Project("{FAE04EC0-301F-11D3-BF4B-00C04F79EFBC}") = "WPFRuntimeDataAdding", "WPFRuntimeDataAdding\WPFRuntimeDataAdding.csproj", "{AB73C084-2BED-4E26-B2D8-4E6FE4ABE8D3}"
EndProject
Project("{FAE04EC0-301F-11D3-BF4B-00C04F79EFBC}") = "WPFProject", "WPFProject\WPFProject.csproj", "{2CDCC7ED-361E-49EA-B48C-095BF6298443}"
EndProject
Project("{FAE04EC0-301F-11D3-BF4B-00C04F79EFBC}") = "WPFOutColdmanCommandTarget", "WPFOutColdmanCommandTarget\WPFOutColdmanCommandTarget.csproj", "{3ADF2D5E-CC30-40E5-9B68-137A3613EC2C}"
EndProject
Project("{FAE04EC0-301F-11D3-BF4B-00C04F79EFBC}") = "WPFObservable", "WPFObservable\WPFObservable.csproj", "{C45FBE87-3BF6-4BCA-BB08-E1C77FD3B0E4}"
EndProject
Project("{FAE04EC0-301F-11D3-BF4B-00C04F79EFBC}") = "IEnumeratorNumerable", "IEnumeratorNumerable\IEnumeratorNumerable.csproj", "{B032A78D-E792-4E49-BEDC-B6D5D5FB6370}"
EndProject
Project("{FAE04EC0-301F-11D3-BF4B-00C04F79EFBC}") = "CLRThreading", "CLRThreading\CLRThreading.csproj", "{4084E097-C038-4041-B241-D78430F0690E}"
EndProject
Project("{FAE04EC0-301F-11D3-BF4B-00C04F79EFBC}") = "LinkedList", "LinkedList\LinkedList.csproj", "{8B4693A3-6658-477D-A926-E77B39B24D15}"
EndProject
Project("{9A19103F-16F7-4668-BE54-9A1E7A4F7556}") = "JSONNET", "JSONNET\JSONNET.csproj", "{DB00571B-D6CE-4303-A609-2BCD8C744BE7}"
EndProject
Project("{9A19103F-16F7-4668-BE54-9A1E7A4F7556}") = "OpenCV_WPF", "OpenCV_WPF\OpenCV_WPF.csproj", "{EF76CF20-F876-48B7-8809-C1252E3A33A3}"
EndProject
Project("{9A19103F-16F7-4668-BE54-9A1E7A4F7556}") = "FFMEWPF", "FFMEWPF\FFMEWPF.csproj", "{0789B8C8-7945-47AC-86D1-E5D7AA28D72B}"
EndProject
Project("{9A19103F-16F7-4668-BE54-9A1E7A4F7556}") = "WPFMetaVLC", "WPFMetaVLC\WPFMetaVLC.csproj", "{C8D09743-9B19-42F0-80A7-59D88ED138E2}"
EndProject
Project("{9A19103F-16F7-4668-BE54-9A1E7A4F7556}") = "WPFOpencv", "WPFOpencv\WPFOpencv.csproj", "{67648BCB-3890-4BD2-B605-85F1084358F7}"
EndProject
Project("{FAE04EC0-301F-11D3-BF4B-00C04F79EFBC}") = "ConsoleAppConfigTest", "ConsoleAppConfigTest\ConsoleAppConfigTest.csproj", "{87408E58-3ABA-4A5D-9249-A193CAF8C40B}"
EndProject
Project("{9A19103F-16F7-4668-BE54-9A1E7A4F7556}") = "IEnumeratorIEnumerable", "IEnumeratorIEnumerable\IEnumeratorIEnumerable.csproj", "{AB365887-19CF-4099-AE78-F8069BCC6075}"
EndProject
Project("{9A19103F-16F7-4668-BE54-9A1E7A4F7556}") = "Lambda", "Lambda\Lambda.csproj", "{0ABC3980-2688-4505-86E4-FB28B1D9A2FE}"
EndProject
Project("{FAE04EC0-301F-11D3-BF4B-00C04F79EFBC}") = "Lock", "Lock\Lock.csproj", "{DA4F3BD5-35B5-4B0F-84B0-A725333BEB5F}"
EndProject
Project("{9A19103F-16F7-4668-BE54-9A1E7A4F7556}") = "PatternBuilder", "PatternBuilder\PatternBuilder.csproj", "{3CA07E9E-7279-4FD9-999E-9F84270FF53D}"
EndProject
Project("{9A19103F-16F7-4668-BE54-9A1E7A4F7556}") = "PatternDecorator", "PatternDecorator\PatternDecorator.csproj", "{DDFD61A6-52FA-4B6C-90D7-C289A7BC5CD9}"
EndProject
Project("{9A19103F-16F7-4668-BE54-9A1E7A4F7556}") = "PatternFactory", "PatternFactory\PatternFactory.csproj", "{0A67D1EC-0B89-4D5B-9F47-38374C9679EF}"
EndProject
Project("{FAE04EC0-301F-11D3-BF4B-00C04F79EFBC}") = "SharpNullable", "SharpNullable\SharpNullable.csproj", "{56DAAFE6-99D7-4F1D-9E0C-E9EA4783A989}"
EndProject
Project("{FAE04EC0-301F-11D3-BF4B-00C04F79EFBC}") = "Threading_WaitOne", "Threading_WaitOne\Threading_WaitOne.csproj", "{5E1232B1-07F2-47D1-B93F-40C1F9EF8363}"
EndProject
Project("{9A19103F-16F7-4668-BE54-9A1E7A4F7556}") = "WPFMVVMNetCore", "WPFMVVMNetCore\WPFMVVMNetCore.csproj", "{D6C25ABB-0AD2-495F-8162-AD649DACA0AD}"
EndProject
Project("{FAE04EC0-301F-11D3-BF4B-00C04F79EFBC}") = "msbuildtest", "msbuildtest\msbuildtest.csproj", "{D900FB40-2BF4-4661-B8E9-FBBC2410C203}"
EndProject
Project("{9A19103F-16F7-4668-BE54-9A1E7A4F7556}") = "msbuildtestcore", "msbuildtestcore\msbuildtestcore.csproj", "{B952E24D-686D-4081-BC2C-7F3937E0BE60}"
EndProject
Project("{FAE04EC0-301F-11D3-BF4B-00C04F79EFBC}") = "ProMVC2_ConfiguringApps", "ProMVC2_ConfiguringApps\ProMVC2_ConfiguringApps.csproj", "{53B6896D-A36A-470B-AE43-CE59CC3E687C}"
EndProject
Project("{9A19103F-16F7-4668-BE54-9A1E7A4F7556}") = "AspNetCore.Sentry1", "AspNetCore.Sentry1\AspNetCore.Sentry1.csproj", "{28531C71-0094-4E98-85A0-E4DAA7D9D755}"
EndProject
Project("{FAE04EC0-301F-11D3-BF4B-00C04F79EFBC}") = "Wpf.Animation", "Wpf.Animation\Wpf.Animation.csproj", "{E34FD19F-E084-41C2-9A1E-EC0D3CE69356}"
EndProject
Global
	GlobalSection(SolutionConfigurationPlatforms) = preSolution
		Debug|Any CPU = Debug|Any CPU
		Release|Any CPU = Release|Any CPU
	EndGlobalSection
	GlobalSection(ProjectConfigurationPlatforms) = postSolution
		{555AF585-249A-4AE7-88E0-100291E8EA60}.Debug|Any CPU.ActiveCfg = Debug|Any CPU
		{555AF585-249A-4AE7-88E0-100291E8EA60}.Debug|Any CPU.Build.0 = Debug|Any CPU
		{555AF585-249A-4AE7-88E0-100291E8EA60}.Release|Any CPU.ActiveCfg = Release|Any CPU
		{555AF585-249A-4AE7-88E0-100291E8EA60}.Release|Any CPU.Build.0 = Release|Any CPU
		{3D6C2082-2001-495D-A834-CC9575558D4A}.Debug|Any CPU.ActiveCfg = Debug|Any CPU
		{3D6C2082-2001-495D-A834-CC9575558D4A}.Debug|Any CPU.Build.0 = Debug|Any CPU
		{3D6C2082-2001-495D-A834-CC9575558D4A}.Release|Any CPU.ActiveCfg = Release|Any CPU
		{3D6C2082-2001-495D-A834-CC9575558D4A}.Release|Any CPU.Build.0 = Release|Any CPU
		{9588EAF3-59E0-4C51-BE63-5A61A745C60E}.Debug|Any CPU.ActiveCfg = Debug|Any CPU
		{9588EAF3-59E0-4C51-BE63-5A61A745C60E}.Debug|Any CPU.Build.0 = Debug|Any CPU
		{9588EAF3-59E0-4C51-BE63-5A61A745C60E}.Release|Any CPU.ActiveCfg = Release|Any CPU
		{9588EAF3-59E0-4C51-BE63-5A61A745C60E}.Release|Any CPU.Build.0 = Release|Any CPU
		{0035B4EC-93C7-4CB7-97A3-C74F91D18977}.Debug|Any CPU.ActiveCfg = Debug|Any CPU
		{0035B4EC-93C7-4CB7-97A3-C74F91D18977}.Debug|Any CPU.Build.0 = Debug|Any CPU
		{0035B4EC-93C7-4CB7-97A3-C74F91D18977}.Release|Any CPU.ActiveCfg = Release|Any CPU
		{0035B4EC-93C7-4CB7-97A3-C74F91D18977}.Release|Any CPU.Build.0 = Release|Any CPU
		{01C8BAE6-A1D7-442A-95DC-19ADC35674A3}.Debug|Any CPU.ActiveCfg = Debug|Any CPU
		{01C8BAE6-A1D7-442A-95DC-19ADC35674A3}.Debug|Any CPU.Build.0 = Debug|Any CPU
		{01C8BAE6-A1D7-442A-95DC-19ADC35674A3}.Release|Any CPU.ActiveCfg = Release|Any CPU
		{01C8BAE6-A1D7-442A-95DC-19ADC35674A3}.Release|Any CPU.Build.0 = Release|Any CPU
		{5F9B61CC-7A3A-4A1B-9359-02F5FBA63FDE}.Debug|Any CPU.ActiveCfg = Debug|Any CPU
		{5F9B61CC-7A3A-4A1B-9359-02F5FBA63FDE}.Debug|Any CPU.Build.0 = Debug|Any CPU
		{5F9B61CC-7A3A-4A1B-9359-02F5FBA63FDE}.Release|Any CPU.ActiveCfg = Release|Any CPU
		{5F9B61CC-7A3A-4A1B-9359-02F5FBA63FDE}.Release|Any CPU.Build.0 = Release|Any CPU
		{133E0370-300A-45E0-BFCE-A54F9060E023}.Debug|Any CPU.ActiveCfg = Debug|Any CPU
		{133E0370-300A-45E0-BFCE-A54F9060E023}.Debug|Any CPU.Build.0 = Debug|Any CPU
		{133E0370-300A-45E0-BFCE-A54F9060E023}.Release|Any CPU.ActiveCfg = Release|Any CPU
		{133E0370-300A-45E0-BFCE-A54F9060E023}.Release|Any CPU.Build.0 = Release|Any CPU
		{1C501868-2B3D-472B-8E09-FB52B6FFDA7B}.Debug|Any CPU.ActiveCfg = Debug|Any CPU
		{1C501868-2B3D-472B-8E09-FB52B6FFDA7B}.Debug|Any CPU.Build.0 = Debug|Any CPU
		{1C501868-2B3D-472B-8E09-FB52B6FFDA7B}.Release|Any CPU.ActiveCfg = Release|Any CPU
		{1C501868-2B3D-472B-8E09-FB52B6FFDA7B}.Release|Any CPU.Build.0 = Release|Any CPU
		{00A561E6-290C-4A83-BAF9-96EEB2216591}.Debug|Any CPU.ActiveCfg = Debug|Any CPU
		{00A561E6-290C-4A83-BAF9-96EEB2216591}.Debug|Any CPU.Build.0 = Debug|Any CPU
		{00A561E6-290C-4A83-BAF9-96EEB2216591}.Release|Any CPU.ActiveCfg = Release|Any CPU
		{00A561E6-290C-4A83-BAF9-96EEB2216591}.Release|Any CPU.Build.0 = Release|Any CPU
		{F6EC11B5-19C2-4AF7-8289-37DA33F50209}.Debug|Any CPU.ActiveCfg = Debug|Any CPU
		{F6EC11B5-19C2-4AF7-8289-37DA33F50209}.Debug|Any CPU.Build.0 = Debug|Any CPU
		{F6EC11B5-19C2-4AF7-8289-37DA33F50209}.Release|Any CPU.ActiveCfg = Release|Any CPU
		{F6EC11B5-19C2-4AF7-8289-37DA33F50209}.Release|Any CPU.Build.0 = Release|Any CPU
		{0840A3E5-AA14-4684-BAAC-3C95D8BBE14A}.Debug|Any CPU.ActiveCfg = Debug|Any CPU
		{0840A3E5-AA14-4684-BAAC-3C95D8BBE14A}.Debug|Any CPU.Build.0 = Debug|Any CPU
		{0840A3E5-AA14-4684-BAAC-3C95D8BBE14A}.Release|Any CPU.ActiveCfg = Release|Any CPU
		{0840A3E5-AA14-4684-BAAC-3C95D8BBE14A}.Release|Any CPU.Build.0 = Release|Any CPU
		{E06BAFA2-0986-4662-A113-25788BD7ABFC}.Debug|Any CPU.ActiveCfg = Debug|Any CPU
		{E06BAFA2-0986-4662-A113-25788BD7ABFC}.Debug|Any CPU.Build.0 = Debug|Any CPU
		{E06BAFA2-0986-4662-A113-25788BD7ABFC}.Release|Any CPU.ActiveCfg = Release|Any CPU
		{E06BAFA2-0986-4662-A113-25788BD7ABFC}.Release|Any CPU.Build.0 = Release|Any CPU
		{AB73C084-2BED-4E26-B2D8-4E6FE4ABE8D3}.Debug|Any CPU.ActiveCfg = Debug|Any CPU
		{AB73C084-2BED-4E26-B2D8-4E6FE4ABE8D3}.Debug|Any CPU.Build.0 = Debug|Any CPU
		{AB73C084-2BED-4E26-B2D8-4E6FE4ABE8D3}.Release|Any CPU.ActiveCfg = Release|Any CPU
		{AB73C084-2BED-4E26-B2D8-4E6FE4ABE8D3}.Release|Any CPU.Build.0 = Release|Any CPU
		{2CDCC7ED-361E-49EA-B48C-095BF6298443}.Debug|Any CPU.ActiveCfg = Debug|Any CPU
		{2CDCC7ED-361E-49EA-B48C-095BF6298443}.Debug|Any CPU.Build.0 = Debug|Any CPU
		{2CDCC7ED-361E-49EA-B48C-095BF6298443}.Release|Any CPU.ActiveCfg = Release|Any CPU
		{2CDCC7ED-361E-49EA-B48C-095BF6298443}.Release|Any CPU.Build.0 = Release|Any CPU
		{3ADF2D5E-CC30-40E5-9B68-137A3613EC2C}.Debug|Any CPU.ActiveCfg = Debug|Any CPU
		{3ADF2D5E-CC30-40E5-9B68-137A3613EC2C}.Debug|Any CPU.Build.0 = Debug|Any CPU
		{3ADF2D5E-CC30-40E5-9B68-137A3613EC2C}.Release|Any CPU.ActiveCfg = Release|Any CPU
		{3ADF2D5E-CC30-40E5-9B68-137A3613EC2C}.Release|Any CPU.Build.0 = Release|Any CPU
		{C45FBE87-3BF6-4BCA-BB08-E1C77FD3B0E4}.Debug|Any CPU.ActiveCfg = Debug|Any CPU
		{C45FBE87-3BF6-4BCA-BB08-E1C77FD3B0E4}.Debug|Any CPU.Build.0 = Debug|Any CPU
		{C45FBE87-3BF6-4BCA-BB08-E1C77FD3B0E4}.Release|Any CPU.ActiveCfg = Release|Any CPU
		{C45FBE87-3BF6-4BCA-BB08-E1C77FD3B0E4}.Release|Any CPU.Build.0 = Release|Any CPU
		{B032A78D-E792-4E49-BEDC-B6D5D5FB6370}.Debug|Any CPU.ActiveCfg = Debug|Any CPU
		{B032A78D-E792-4E49-BEDC-B6D5D5FB6370}.Debug|Any CPU.Build.0 = Debug|Any CPU
		{B032A78D-E792-4E49-BEDC-B6D5D5FB6370}.Release|Any CPU.ActiveCfg = Release|Any CPU
		{B032A78D-E792-4E49-BEDC-B6D5D5FB6370}.Release|Any CPU.Build.0 = Release|Any CPU
		{4084E097-C038-4041-B241-D78430F0690E}.Debug|Any CPU.ActiveCfg = Debug|Any CPU
		{4084E097-C038-4041-B241-D78430F0690E}.Debug|Any CPU.Build.0 = Debug|Any CPU
		{4084E097-C038-4041-B241-D78430F0690E}.Release|Any CPU.ActiveCfg = Release|Any CPU
		{4084E097-C038-4041-B241-D78430F0690E}.Release|Any CPU.Build.0 = Release|Any CPU
		{8B4693A3-6658-477D-A926-E77B39B24D15}.Debug|Any CPU.ActiveCfg = Debug|Any CPU
		{8B4693A3-6658-477D-A926-E77B39B24D15}.Debug|Any CPU.Build.0 = Debug|Any CPU
		{8B4693A3-6658-477D-A926-E77B39B24D15}.Release|Any CPU.ActiveCfg = Release|Any CPU
		{8B4693A3-6658-477D-A926-E77B39B24D15}.Release|Any CPU.Build.0 = Release|Any CPU
		{DB00571B-D6CE-4303-A609-2BCD8C744BE7}.Debug|Any CPU.ActiveCfg = Debug|Any CPU
		{DB00571B-D6CE-4303-A609-2BCD8C744BE7}.Debug|Any CPU.Build.0 = Debug|Any CPU
		{DB00571B-D6CE-4303-A609-2BCD8C744BE7}.Release|Any CPU.ActiveCfg = Release|Any CPU
		{DB00571B-D6CE-4303-A609-2BCD8C744BE7}.Release|Any CPU.Build.0 = Release|Any CPU
		{EF76CF20-F876-48B7-8809-C1252E3A33A3}.Debug|Any CPU.ActiveCfg = Debug|Any CPU
		{EF76CF20-F876-48B7-8809-C1252E3A33A3}.Debug|Any CPU.Build.0 = Debug|Any CPU
		{EF76CF20-F876-48B7-8809-C1252E3A33A3}.Release|Any CPU.ActiveCfg = Release|Any CPU
		{EF76CF20-F876-48B7-8809-C1252E3A33A3}.Release|Any CPU.Build.0 = Release|Any CPU
		{0789B8C8-7945-47AC-86D1-E5D7AA28D72B}.Debug|Any CPU.ActiveCfg = Debug|Any CPU
		{0789B8C8-7945-47AC-86D1-E5D7AA28D72B}.Debug|Any CPU.Build.0 = Debug|Any CPU
		{0789B8C8-7945-47AC-86D1-E5D7AA28D72B}.Release|Any CPU.ActiveCfg = Release|Any CPU
		{0789B8C8-7945-47AC-86D1-E5D7AA28D72B}.Release|Any CPU.Build.0 = Release|Any CPU
		{C8D09743-9B19-42F0-80A7-59D88ED138E2}.Debug|Any CPU.ActiveCfg = Debug|Any CPU
		{C8D09743-9B19-42F0-80A7-59D88ED138E2}.Debug|Any CPU.Build.0 = Debug|Any CPU
		{C8D09743-9B19-42F0-80A7-59D88ED138E2}.Release|Any CPU.ActiveCfg = Release|Any CPU
		{C8D09743-9B19-42F0-80A7-59D88ED138E2}.Release|Any CPU.Build.0 = Release|Any CPU
		{67648BCB-3890-4BD2-B605-85F1084358F7}.Debug|Any CPU.ActiveCfg = Debug|Any CPU
		{67648BCB-3890-4BD2-B605-85F1084358F7}.Debug|Any CPU.Build.0 = Debug|Any CPU
		{67648BCB-3890-4BD2-B605-85F1084358F7}.Release|Any CPU.ActiveCfg = Release|Any CPU
		{67648BCB-3890-4BD2-B605-85F1084358F7}.Release|Any CPU.Build.0 = Release|Any CPU
		{87408E58-3ABA-4A5D-9249-A193CAF8C40B}.Debug|Any CPU.ActiveCfg = Debug|Any CPU
		{87408E58-3ABA-4A5D-9249-A193CAF8C40B}.Debug|Any CPU.Build.0 = Debug|Any CPU
		{87408E58-3ABA-4A5D-9249-A193CAF8C40B}.Release|Any CPU.ActiveCfg = Release|Any CPU
		{87408E58-3ABA-4A5D-9249-A193CAF8C40B}.Release|Any CPU.Build.0 = Release|Any CPU
		{AB365887-19CF-4099-AE78-F8069BCC6075}.Debug|Any CPU.ActiveCfg = Debug|Any CPU
		{AB365887-19CF-4099-AE78-F8069BCC6075}.Debug|Any CPU.Build.0 = Debug|Any CPU
		{AB365887-19CF-4099-AE78-F8069BCC6075}.Release|Any CPU.ActiveCfg = Release|Any CPU
		{AB365887-19CF-4099-AE78-F8069BCC6075}.Release|Any CPU.Build.0 = Release|Any CPU
		{0ABC3980-2688-4505-86E4-FB28B1D9A2FE}.Debug|Any CPU.ActiveCfg = Debug|Any CPU
		{0ABC3980-2688-4505-86E4-FB28B1D9A2FE}.Debug|Any CPU.Build.0 = Debug|Any CPU
		{0ABC3980-2688-4505-86E4-FB28B1D9A2FE}.Release|Any CPU.ActiveCfg = Release|Any CPU
		{0ABC3980-2688-4505-86E4-FB28B1D9A2FE}.Release|Any CPU.Build.0 = Release|Any CPU
		{DA4F3BD5-35B5-4B0F-84B0-A725333BEB5F}.Debug|Any CPU.ActiveCfg = Debug|Any CPU
		{DA4F3BD5-35B5-4B0F-84B0-A725333BEB5F}.Debug|Any CPU.Build.0 = Debug|Any CPU
		{DA4F3BD5-35B5-4B0F-84B0-A725333BEB5F}.Release|Any CPU.ActiveCfg = Release|Any CPU
		{DA4F3BD5-35B5-4B0F-84B0-A725333BEB5F}.Release|Any CPU.Build.0 = Release|Any CPU
		{3CA07E9E-7279-4FD9-999E-9F84270FF53D}.Debug|Any CPU.ActiveCfg = Debug|Any CPU
		{3CA07E9E-7279-4FD9-999E-9F84270FF53D}.Debug|Any CPU.Build.0 = Debug|Any CPU
		{3CA07E9E-7279-4FD9-999E-9F84270FF53D}.Release|Any CPU.ActiveCfg = Release|Any CPU
		{3CA07E9E-7279-4FD9-999E-9F84270FF53D}.Release|Any CPU.Build.0 = Release|Any CPU
		{DDFD61A6-52FA-4B6C-90D7-C289A7BC5CD9}.Debug|Any CPU.ActiveCfg = Debug|Any CPU
		{DDFD61A6-52FA-4B6C-90D7-C289A7BC5CD9}.Debug|Any CPU.Build.0 = Debug|Any CPU
		{DDFD61A6-52FA-4B6C-90D7-C289A7BC5CD9}.Release|Any CPU.ActiveCfg = Release|Any CPU
		{DDFD61A6-52FA-4B6C-90D7-C289A7BC5CD9}.Release|Any CPU.Build.0 = Release|Any CPU
		{0A67D1EC-0B89-4D5B-9F47-38374C9679EF}.Debug|Any CPU.ActiveCfg = Debug|Any CPU
		{0A67D1EC-0B89-4D5B-9F47-38374C9679EF}.Debug|Any CPU.Build.0 = Debug|Any CPU
		{0A67D1EC-0B89-4D5B-9F47-38374C9679EF}.Release|Any CPU.ActiveCfg = Release|Any CPU
		{0A67D1EC-0B89-4D5B-9F47-38374C9679EF}.Release|Any CPU.Build.0 = Release|Any CPU
		{56DAAFE6-99D7-4F1D-9E0C-E9EA4783A989}.Debug|Any CPU.ActiveCfg = Debug|Any CPU
		{56DAAFE6-99D7-4F1D-9E0C-E9EA4783A989}.Debug|Any CPU.Build.0 = Debug|Any CPU
		{56DAAFE6-99D7-4F1D-9E0C-E9EA4783A989}.Release|Any CPU.ActiveCfg = Release|Any CPU
		{56DAAFE6-99D7-4F1D-9E0C-E9EA4783A989}.Release|Any CPU.Build.0 = Release|Any CPU
		{5E1232B1-07F2-47D1-B93F-40C1F9EF8363}.Debug|Any CPU.ActiveCfg = Debug|Any CPU
		{5E1232B1-07F2-47D1-B93F-40C1F9EF8363}.Debug|Any CPU.Build.0 = Debug|Any CPU
		{5E1232B1-07F2-47D1-B93F-40C1F9EF8363}.Release|Any CPU.ActiveCfg = Release|Any CPU
		{5E1232B1-07F2-47D1-B93F-40C1F9EF8363}.Release|Any CPU.Build.0 = Release|Any CPU
		{D6C25ABB-0AD2-495F-8162-AD649DACA0AD}.Debug|Any CPU.ActiveCfg = Debug|Any CPU
		{D6C25ABB-0AD2-495F-8162-AD649DACA0AD}.Debug|Any CPU.Build.0 = Debug|Any CPU
		{D6C25ABB-0AD2-495F-8162-AD649DACA0AD}.Release|Any CPU.ActiveCfg = Release|Any CPU
		{D6C25ABB-0AD2-495F-8162-AD649DACA0AD}.Release|Any CPU.Build.0 = Release|Any CPU
		{D900FB40-2BF4-4661-B8E9-FBBC2410C203}.Debug|Any CPU.ActiveCfg = Debug|Any CPU
		{D900FB40-2BF4-4661-B8E9-FBBC2410C203}.Debug|Any CPU.Build.0 = Debug|Any CPU
		{D900FB40-2BF4-4661-B8E9-FBBC2410C203}.Release|Any CPU.ActiveCfg = Release|Any CPU
		{D900FB40-2BF4-4661-B8E9-FBBC2410C203}.Release|Any CPU.Build.0 = Release|Any CPU
		{B952E24D-686D-4081-BC2C-7F3937E0BE60}.Debug|Any CPU.ActiveCfg = Debug|Any CPU
		{B952E24D-686D-4081-BC2C-7F3937E0BE60}.Debug|Any CPU.Build.0 = Debug|Any CPU
		{B952E24D-686D-4081-BC2C-7F3937E0BE60}.Release|Any CPU.ActiveCfg = Release|Any CPU
		{B952E24D-686D-4081-BC2C-7F3937E0BE60}.Release|Any CPU.Build.0 = Release|Any CPU
		{53B6896D-A36A-470B-AE43-CE59CC3E687C}.Debug|Any CPU.ActiveCfg = Debug|Any CPU
		{53B6896D-A36A-470B-AE43-CE59CC3E687C}.Debug|Any CPU.Build.0 = Debug|Any CPU
		{53B6896D-A36A-470B-AE43-CE59CC3E687C}.Release|Any CPU.ActiveCfg = Release|Any CPU
		{53B6896D-A36A-470B-AE43-CE59CC3E687C}.Release|Any CPU.Build.0 = Release|Any CPU
		{28531C71-0094-4E98-85A0-E4DAA7D9D755}.Debug|Any CPU.ActiveCfg = Debug|Any CPU
		{28531C71-0094-4E98-85A0-E4DAA7D9D755}.Debug|Any CPU.Build.0 = Debug|Any CPU
		{28531C71-0094-4E98-85A0-E4DAA7D9D755}.Release|Any CPU.ActiveCfg = Release|Any CPU
		{28531C71-0094-4E98-85A0-E4DAA7D9D755}.Release|Any CPU.Build.0 = Release|Any CPU
		{E34FD19F-E084-41C2-9A1E-EC0D3CE69356}.Debug|Any CPU.ActiveCfg = Debug|Any CPU
		{E34FD19F-E084-41C2-9A1E-EC0D3CE69356}.Debug|Any CPU.Build.0 = Debug|Any CPU
		{E34FD19F-E084-41C2-9A1E-EC0D3CE69356}.Release|Any CPU.ActiveCfg = Release|Any CPU
		{E34FD19F-E084-41C2-9A1E-EC0D3CE69356}.Release|Any CPU.Build.0 = Release|Any CPU
	EndGlobalSection
	GlobalSection(SolutionProperties) = preSolution
		HideSolutionNode = FALSE
	EndGlobalSection
	GlobalSection(ExtensibilityGlobals) = postSolution
		SolutionGuid = {CC326DE2-7EC3-458D-99F2-28E48B7A2C17}
	EndGlobalSection
EndGlobal
