
Microsoft Visual Studio Solution File, Format Version 12.00
# Visual Studio 15
VisualStudioVersion = 15.0.27703.2035
MinimumVisualStudioVersion = 10.0.40219.1
Project("{FAE04EC0-301F-11D3-BF4B-00C04F79EFBC}") = "GalimskyDayPlanner", "GalimskyDayPlanner\GalimskyDayPlanner.csproj", "{2538055A-BEA9-4CF9-9E09-F647B1DBEF04}"
EndProject
Global
	GlobalSection(SolutionConfigurationPlatforms) = preSolution
		Debug|Any CPU = Debug|Any CPU
		Release|Any CPU = Release|Any CPU
	EndGlobalSection
	GlobalSection(ProjectConfigurationPlatforms) = postSolution
		{2538055A-BEA9-4CF9-9E09-F647B1DBEF04}.Debug|Any CPU.ActiveCfg = Debug|Any CPU
		{2538055A-BEA9-4CF9-9E09-F647B1DBEF04}.Debug|Any CPU.Build.0 = Debug|Any CPU
		{2538055A-BEA9-4CF9-9E09-F647B1DBEF04}.Release|Any CPU.ActiveCfg = Release|Any CPU
		{2538055A-BEA9-4CF9-9E09-F647B1DBEF04}.Release|Any CPU.Build.0 = Release|Any CPU
	EndGlobalSection
	GlobalSection(SolutionProperties) = preSolution
		HideSolutionNode = FALSE
	EndGlobalSection
	GlobalSection(ExtensibilityGlobals) = postSolution
		SolutionGuid = {9186C5F9-DB6A-4747-A68D-19EEF93E3CD1}
	EndGlobalSection
EndGlobal
