
Microsoft Visual Studio Solution File, Format Version 12.00
# Visual Studio Version 16
VisualStudioVersion = 16.0.31313.79
MinimumVisualStudioVersion = 10.0.40219.1
Project("{FAE04EC0-301F-11D3-BF4B-00C04F79EFBC}") = "CircleCITest2", "CircleCITest2\CircleCITest2.csproj", "{558CCC28-7E8E-4B37-A541-DB87AA7636BE}"
EndProject
Global
	GlobalSection(SolutionConfigurationPlatforms) = preSolution
		Debug|Any CPU = Debug|Any CPU
		Release|Any CPU = Release|Any CPU
	EndGlobalSection
	GlobalSection(ProjectConfigurationPlatforms) = postSolution
		{558CCC28-7E8E-4B37-A541-DB87AA7636BE}.Debug|Any CPU.ActiveCfg = Debug|Any CPU
		{558CCC28-7E8E-4B37-A541-DB87AA7636BE}.Debug|Any CPU.Build.0 = Debug|Any CPU
		{558CCC28-7E8E-4B37-A541-DB87AA7636BE}.Release|Any CPU.ActiveCfg = Release|Any CPU
		{558CCC28-7E8E-4B37-A541-DB87AA7636BE}.Release|Any CPU.Build.0 = Release|Any CPU
	EndGlobalSection
	GlobalSection(SolutionProperties) = preSolution
		HideSolutionNode = FALSE
	EndGlobalSection
	GlobalSection(ExtensibilityGlobals) = postSolution
		SolutionGuid = {3EA979DD-9277-48D3-9DEC-2EF42CAFC205}
	EndGlobalSection
EndGlobal
